// !$*UTF8*$!
{
	archiveVersion = 1;
	classes = {
	};
	objectVersion = 56;
	objects = {

/* Begin PBXBuildFile section */
		5717E2502A006F0C00507410 /* UIFactory.swift in Sources */ = {isa = PBXBuildFile; fileRef = 5717E24F2A006F0C00507410 /* UIFactory.swift */; };
		572F371C29BFC8A400906C62 /* Colors.swift in Sources */ = {isa = PBXBuildFile; fileRef = 572F371B29BFC8A400906C62 /* Colors.swift */; };
		572F371E29BFCE4700906C62 /* Separator.swift in Sources */ = {isa = PBXBuildFile; fileRef = 572F371D29BFCE4700906C62 /* Separator.swift */; };
		57482DE829E9E3BC00A24DE8 /* JobCard.swift in Sources */ = {isa = PBXBuildFile; fileRef = 57482DE729E9E3BC00A24DE8 /* JobCard.swift */; };
		57482DE929E9E3BC00A24DE8 /* JobCard.swift in Sources */ = {isa = PBXBuildFile; fileRef = 57482DE729E9E3BC00A24DE8 /* JobCard.swift */; };
		57482DEA29E9E3BC00A24DE8 /* JobCard.swift in Sources */ = {isa = PBXBuildFile; fileRef = 57482DE729E9E3BC00A24DE8 /* JobCard.swift */; };
		57482DEC29E9E62E00A24DE8 /* JobCardVM.swift in Sources */ = {isa = PBXBuildFile; fileRef = 57482DEB29E9E62E00A24DE8 /* JobCardVM.swift */; };
		57482DED29E9E62E00A24DE8 /* JobCardVM.swift in Sources */ = {isa = PBXBuildFile; fileRef = 57482DEB29E9E62E00A24DE8 /* JobCardVM.swift */; };
		57482DEE29E9E62E00A24DE8 /* JobCardVM.swift in Sources */ = {isa = PBXBuildFile; fileRef = 57482DEB29E9E62E00A24DE8 /* JobCardVM.swift */; };
		5748D1C529E60124002470DB /* AuthenticationManager.swift in Sources */ = {isa = PBXBuildFile; fileRef = 5748D1C429E60124002470DB /* AuthenticationManager.swift */; };
		5748D1C629E60124002470DB /* AuthenticationManager.swift in Sources */ = {isa = PBXBuildFile; fileRef = 5748D1C429E60124002470DB /* AuthenticationManager.swift */; };
		5748D1C829E75800002470DB /* HomePage.swift in Sources */ = {isa = PBXBuildFile; fileRef = 5748D1C729E75800002470DB /* HomePage.swift */; };
		574B3CB729999E0D00782AA7 /* BabyDevApp.swift in Sources */ = {isa = PBXBuildFile; fileRef = 574B3CB629999E0D00782AA7 /* BabyDevApp.swift */; };
		574B3CB929999E0D00782AA7 /* ContentView.swift in Sources */ = {isa = PBXBuildFile; fileRef = 574B3CB829999E0D00782AA7 /* ContentView.swift */; };
		574B3CBB29999E0E00782AA7 /* Assets.xcassets in Resources */ = {isa = PBXBuildFile; fileRef = 574B3CBA29999E0E00782AA7 /* Assets.xcassets */; };
		574B3CBE29999E0E00782AA7 /* Preview Assets.xcassets in Resources */ = {isa = PBXBuildFile; fileRef = 574B3CBD29999E0E00782AA7 /* Preview Assets.xcassets */; };
		574B3CC829999E0E00782AA7 /* BabyDevTests.swift in Sources */ = {isa = PBXBuildFile; fileRef = 574B3CC729999E0E00782AA7 /* BabyDevTests.swift */; };
		574B3CD229999E0E00782AA7 /* BabyDevUITests.swift in Sources */ = {isa = PBXBuildFile; fileRef = 574B3CD129999E0E00782AA7 /* BabyDevUITests.swift */; };
		574B3CD429999E0E00782AA7 /* BabyDevUITestsLaunchTests.swift in Sources */ = {isa = PBXBuildFile; fileRef = 574B3CD329999E0E00782AA7 /* BabyDevUITestsLaunchTests.swift */; };
		576142E92A180D4600D9E69B /* FavoriteButton.swift in Sources */ = {isa = PBXBuildFile; fileRef = 576142E82A180D4600D9E69B /* FavoriteButton.swift */; };
		576142ED2A1AF88600D9E69B /* ApplyButton.swift in Sources */ = {isa = PBXBuildFile; fileRef = 576142EC2A1AF88600D9E69B /* ApplyButton.swift */; };
		576142F12A1D78AF00D9E69B /* JobDetails.swift in Sources */ = {isa = PBXBuildFile; fileRef = 576142F02A1D78AF00D9E69B /* JobDetails.swift */; };
		576142F32A1D7D6300D9E69B /* FavoriteJobs.swift in Sources */ = {isa = PBXBuildFile; fileRef = 576142F22A1D7D6300D9E69B /* FavoriteJobs.swift */; };
		576142F52A1D841800D9E69B /* Filters.swift in Sources */ = {isa = PBXBuildFile; fileRef = 576142F42A1D841800D9E69B /* Filters.swift */; };
		576142F72A1D8BFC00D9E69B /* SortByCity.swift in Sources */ = {isa = PBXBuildFile; fileRef = 576142F62A1D8BFC00D9E69B /* SortByCity.swift */; };
		576142FC2A1EC5B000D9E69B /* FilterTab.swift in Sources */ = {isa = PBXBuildFile; fileRef = 576142FB2A1EC5B000D9E69B /* FilterTab.swift */; };
		576142FE2A1EC98A00D9E69B /* Constants.swift in Sources */ = {isa = PBXBuildFile; fileRef = 576142FD2A1EC98A00D9E69B /* Constants.swift */; };
		57625D342A1418A000462C6D /* MainPage.swift in Sources */ = {isa = PBXBuildFile; fileRef = 57625D332A1418A000462C6D /* MainPage.swift */; };
		57625D362A155ED000462C6D /* TokenModel.swift in Sources */ = {isa = PBXBuildFile; fileRef = 57625D352A155ED000462C6D /* TokenModel.swift */; };
		57625D3B2A156AF900462C6D /* JWTDecode in Frameworks */ = {isa = PBXBuildFile; productRef = 57625D3A2A156AF900462C6D /* JWTDecode */; };
		5777089729CFB04300CC0F57 /* StartPage.swift in Sources */ = {isa = PBXBuildFile; fileRef = 5777089629CFB04300CC0F57 /* StartPage.swift */; };
		5777089929D0DE5300CC0F57 /* UserProfile.swift in Sources */ = {isa = PBXBuildFile; fileRef = 5777089829D0DE5300CC0F57 /* UserProfile.swift */; };
		5777089B29D0E9FA00CC0F57 /* JobModel.swift in Sources */ = {isa = PBXBuildFile; fileRef = 5777089A29D0E9F900CC0F57 /* JobModel.swift */; };
		577CBA7B2A0571BC001063F8 /* JobListViewModel.swift in Sources */ = {isa = PBXBuildFile; fileRef = 577CBA7A2A0571BC001063F8 /* JobListViewModel.swift */; };
		577CBA7C2A0571BC001063F8 /* JobListViewModel.swift in Sources */ = {isa = PBXBuildFile; fileRef = 577CBA7A2A0571BC001063F8 /* JobListViewModel.swift */; };
		577CBA7D2A0571BC001063F8 /* JobListViewModel.swift in Sources */ = {isa = PBXBuildFile; fileRef = 577CBA7A2A0571BC001063F8 /* JobListViewModel.swift */; };
		577CBA832A058766001063F8 /* CompanyModel.swift in Sources */ = {isa = PBXBuildFile; fileRef = 577CBA822A058766001063F8 /* CompanyModel.swift */; };
		577CBA842A058766001063F8 /* CompanyModel.swift in Sources */ = {isa = PBXBuildFile; fileRef = 577CBA822A058766001063F8 /* CompanyModel.swift */; };
		577CBA852A058766001063F8 /* CompanyModel.swift in Sources */ = {isa = PBXBuildFile; fileRef = 577CBA822A058766001063F8 /* CompanyModel.swift */; };
		577CBA872A0588C1001063F8 /* CompanyVM.swift in Sources */ = {isa = PBXBuildFile; fileRef = 577CBA862A0588C1001063F8 /* CompanyVM.swift */; };
		577CBA882A0588C1001063F8 /* CompanyVM.swift in Sources */ = {isa = PBXBuildFile; fileRef = 577CBA862A0588C1001063F8 /* CompanyVM.swift */; };
		577CBA892A0588C1001063F8 /* CompanyVM.swift in Sources */ = {isa = PBXBuildFile; fileRef = 577CBA862A0588C1001063F8 /* CompanyVM.swift */; };
		577CBA8B2A05BACA001063F8 /* Blur.swift in Sources */ = {isa = PBXBuildFile; fileRef = 577CBA8A2A05BACA001063F8 /* Blur.swift */; };
		577CBA8C2A05BACA001063F8 /* Blur.swift in Sources */ = {isa = PBXBuildFile; fileRef = 577CBA8A2A05BACA001063F8 /* Blur.swift */; };
		577CBA8D2A05BACA001063F8 /* Blur.swift in Sources */ = {isa = PBXBuildFile; fileRef = 577CBA8A2A05BACA001063F8 /* Blur.swift */; };
		577CBA8F2A0856C6001063F8 /* SearchBar.swift in Sources */ = {isa = PBXBuildFile; fileRef = 577CBA8E2A0856C6001063F8 /* SearchBar.swift */; };
		577CBA902A0856C6001063F8 /* SearchBar.swift in Sources */ = {isa = PBXBuildFile; fileRef = 577CBA8E2A0856C6001063F8 /* SearchBar.swift */; };
		577CBA912A0856C6001063F8 /* SearchBar.swift in Sources */ = {isa = PBXBuildFile; fileRef = 577CBA8E2A0856C6001063F8 /* SearchBar.swift */; };
		57B10AFB29B64A3500101D10 /* NetworkManager.swift in Sources */ = {isa = PBXBuildFile; fileRef = 57B10AFA29B64A3500101D10 /* NetworkManager.swift */; };
		57B10AFC29B64A3500101D10 /* NetworkManager.swift in Sources */ = {isa = PBXBuildFile; fileRef = 57B10AFA29B64A3500101D10 /* NetworkManager.swift */; };
		57B10B0129B64CE400101D10 /* Register.swift in Sources */ = {isa = PBXBuildFile; fileRef = 57B10B0029B64CE400101D10 /* Register.swift */; };
		57B10B0229B64CE400101D10 /* Register.swift in Sources */ = {isa = PBXBuildFile; fileRef = 57B10B0029B64CE400101D10 /* Register.swift */; };
		57B10B0329B64CE400101D10 /* Register.swift in Sources */ = {isa = PBXBuildFile; fileRef = 57B10B0029B64CE400101D10 /* Register.swift */; };
		57B10B0529B64CF900101D10 /* RegisterVM.swift in Sources */ = {isa = PBXBuildFile; fileRef = 57B10B0429B64CF900101D10 /* RegisterVM.swift */; };
		57B10B0629B64CF900101D10 /* RegisterVM.swift in Sources */ = {isa = PBXBuildFile; fileRef = 57B10B0429B64CF900101D10 /* RegisterVM.swift */; };
		57B10B0829B64D2700101D10 /* RegisterModel.swift in Sources */ = {isa = PBXBuildFile; fileRef = 57B10B0729B64D2700101D10 /* RegisterModel.swift */; };
		57B10B0929B64D2700101D10 /* RegisterModel.swift in Sources */ = {isa = PBXBuildFile; fileRef = 57B10B0729B64D2700101D10 /* RegisterModel.swift */; };
		57B10B0B29B64D9300101D10 /* UserModel.swift in Sources */ = {isa = PBXBuildFile; fileRef = 57B10B0A29B64D9300101D10 /* UserModel.swift */; };
		57B10B0C29B64D9300101D10 /* UserModel.swift in Sources */ = {isa = PBXBuildFile; fileRef = 57B10B0A29B64D9300101D10 /* UserModel.swift */; };
		57D79E5629CFA414009BC48C /* LoginModel.swift in Sources */ = {isa = PBXBuildFile; fileRef = 57D79E5529CFA414009BC48C /* LoginModel.swift */; };
		57D79E5829CFA46F009BC48C /* LoginVM.swift in Sources */ = {isa = PBXBuildFile; fileRef = 57D79E5729CFA46F009BC48C /* LoginVM.swift */; };
		57D79E5A29CFA586009BC48C /* Login.swift in Sources */ = {isa = PBXBuildFile; fileRef = 57D79E5929CFA586009BC48C /* Login.swift */; };
/* End PBXBuildFile section */

/* Begin PBXContainerItemProxy section */
		574B3CC429999E0E00782AA7 /* PBXContainerItemProxy */ = {
			isa = PBXContainerItemProxy;
			containerPortal = 574B3CAB29999E0C00782AA7 /* Project object */;
			proxyType = 1;
			remoteGlobalIDString = 574B3CB229999E0D00782AA7;
			remoteInfo = BabyDev;
		};
		574B3CCE29999E0E00782AA7 /* PBXContainerItemProxy */ = {
			isa = PBXContainerItemProxy;
			containerPortal = 574B3CAB29999E0C00782AA7 /* Project object */;
			proxyType = 1;
			remoteGlobalIDString = 574B3CB229999E0D00782AA7;
			remoteInfo = BabyDev;
		};
/* End PBXContainerItemProxy section */

/* Begin PBXFileReference section */
		5717E24F2A006F0C00507410 /* UIFactory.swift */ = {isa = PBXFileReference; lastKnownFileType = sourcecode.swift; path = UIFactory.swift; sourceTree = "<group>"; };
		572F371B29BFC8A400906C62 /* Colors.swift */ = {isa = PBXFileReference; lastKnownFileType = sourcecode.swift; path = Colors.swift; sourceTree = "<group>"; };
		572F371D29BFCE4700906C62 /* Separator.swift */ = {isa = PBXFileReference; lastKnownFileType = sourcecode.swift; path = Separator.swift; sourceTree = "<group>"; };
		57482DE729E9E3BC00A24DE8 /* JobCard.swift */ = {isa = PBXFileReference; lastKnownFileType = sourcecode.swift; path = JobCard.swift; sourceTree = "<group>"; };
		57482DEB29E9E62E00A24DE8 /* JobCardVM.swift */ = {isa = PBXFileReference; lastKnownFileType = sourcecode.swift; path = JobCardVM.swift; sourceTree = "<group>"; };
		5748D1C429E60124002470DB /* AuthenticationManager.swift */ = {isa = PBXFileReference; lastKnownFileType = sourcecode.swift; path = AuthenticationManager.swift; sourceTree = "<group>"; };
		5748D1C729E75800002470DB /* HomePage.swift */ = {isa = PBXFileReference; lastKnownFileType = sourcecode.swift; path = HomePage.swift; sourceTree = "<group>"; };
		574B3CB329999E0D00782AA7 /* BabyDev.app */ = {isa = PBXFileReference; explicitFileType = wrapper.application; includeInIndex = 0; path = BabyDev.app; sourceTree = BUILT_PRODUCTS_DIR; };
		574B3CB629999E0D00782AA7 /* BabyDevApp.swift */ = {isa = PBXFileReference; lastKnownFileType = sourcecode.swift; path = BabyDevApp.swift; sourceTree = "<group>"; };
		574B3CB829999E0D00782AA7 /* ContentView.swift */ = {isa = PBXFileReference; lastKnownFileType = sourcecode.swift; path = ContentView.swift; sourceTree = "<group>"; };
		574B3CBA29999E0E00782AA7 /* Assets.xcassets */ = {isa = PBXFileReference; lastKnownFileType = folder.assetcatalog; path = Assets.xcassets; sourceTree = "<group>"; };
		574B3CBD29999E0E00782AA7 /* Preview Assets.xcassets */ = {isa = PBXFileReference; lastKnownFileType = folder.assetcatalog; path = "Preview Assets.xcassets"; sourceTree = "<group>"; };
		574B3CC329999E0E00782AA7 /* BabyDevTests.xctest */ = {isa = PBXFileReference; explicitFileType = wrapper.cfbundle; includeInIndex = 0; path = BabyDevTests.xctest; sourceTree = BUILT_PRODUCTS_DIR; };
		574B3CC729999E0E00782AA7 /* BabyDevTests.swift */ = {isa = PBXFileReference; lastKnownFileType = sourcecode.swift; path = BabyDevTests.swift; sourceTree = "<group>"; };
		574B3CCD29999E0E00782AA7 /* BabyDevUITests.xctest */ = {isa = PBXFileReference; explicitFileType = wrapper.cfbundle; includeInIndex = 0; path = BabyDevUITests.xctest; sourceTree = BUILT_PRODUCTS_DIR; };
		574B3CD129999E0E00782AA7 /* BabyDevUITests.swift */ = {isa = PBXFileReference; lastKnownFileType = sourcecode.swift; path = BabyDevUITests.swift; sourceTree = "<group>"; };
		574B3CD329999E0E00782AA7 /* BabyDevUITestsLaunchTests.swift */ = {isa = PBXFileReference; lastKnownFileType = sourcecode.swift; path = BabyDevUITestsLaunchTests.swift; sourceTree = "<group>"; };
		576142E82A180D4600D9E69B /* FavoriteButton.swift */ = {isa = PBXFileReference; lastKnownFileType = sourcecode.swift; path = FavoriteButton.swift; sourceTree = "<group>"; };
		576142EC2A1AF88600D9E69B /* ApplyButton.swift */ = {isa = PBXFileReference; lastKnownFileType = sourcecode.swift; path = ApplyButton.swift; sourceTree = "<group>"; };
		576142F02A1D78AF00D9E69B /* JobDetails.swift */ = {isa = PBXFileReference; lastKnownFileType = sourcecode.swift; path = JobDetails.swift; sourceTree = "<group>"; };
		576142F22A1D7D6300D9E69B /* FavoriteJobs.swift */ = {isa = PBXFileReference; lastKnownFileType = sourcecode.swift; path = FavoriteJobs.swift; sourceTree = "<group>"; };
		576142F42A1D841800D9E69B /* Filters.swift */ = {isa = PBXFileReference; lastKnownFileType = sourcecode.swift; path = Filters.swift; sourceTree = "<group>"; };
		576142F62A1D8BFC00D9E69B /* SortByCity.swift */ = {isa = PBXFileReference; lastKnownFileType = sourcecode.swift; path = SortByCity.swift; sourceTree = "<group>"; };
		576142FB2A1EC5B000D9E69B /* FilterTab.swift */ = {isa = PBXFileReference; lastKnownFileType = sourcecode.swift; path = FilterTab.swift; sourceTree = "<group>"; };
		576142FD2A1EC98A00D9E69B /* Constants.swift */ = {isa = PBXFileReference; lastKnownFileType = sourcecode.swift; path = Constants.swift; sourceTree = "<group>"; };
		57625D332A1418A000462C6D /* MainPage.swift */ = {isa = PBXFileReference; lastKnownFileType = sourcecode.swift; path = MainPage.swift; sourceTree = "<group>"; };
		57625D352A155ED000462C6D /* TokenModel.swift */ = {isa = PBXFileReference; lastKnownFileType = sourcecode.swift; path = TokenModel.swift; sourceTree = "<group>"; };
		5777089629CFB04300CC0F57 /* StartPage.swift */ = {isa = PBXFileReference; lastKnownFileType = sourcecode.swift; path = StartPage.swift; sourceTree = "<group>"; };
		5777089829D0DE5300CC0F57 /* UserProfile.swift */ = {isa = PBXFileReference; lastKnownFileType = sourcecode.swift; path = UserProfile.swift; sourceTree = "<group>"; };
		5777089A29D0E9F900CC0F57 /* JobModel.swift */ = {isa = PBXFileReference; lastKnownFileType = sourcecode.swift; path = JobModel.swift; sourceTree = "<group>"; };
		577CBA7A2A0571BC001063F8 /* JobListViewModel.swift */ = {isa = PBXFileReference; lastKnownFileType = sourcecode.swift; path = JobListViewModel.swift; sourceTree = "<group>"; };
		577CBA822A058766001063F8 /* CompanyModel.swift */ = {isa = PBXFileReference; lastKnownFileType = sourcecode.swift; path = CompanyModel.swift; sourceTree = "<group>"; };
		577CBA862A0588C1001063F8 /* CompanyVM.swift */ = {isa = PBXFileReference; lastKnownFileType = sourcecode.swift; path = CompanyVM.swift; sourceTree = "<group>"; };
		577CBA8A2A05BACA001063F8 /* Blur.swift */ = {isa = PBXFileReference; fileEncoding = 4; lastKnownFileType = sourcecode.swift; name = Blur.swift; path = ../../../../../Blur.swift; sourceTree = "<group>"; };
		577CBA8E2A0856C6001063F8 /* SearchBar.swift */ = {isa = PBXFileReference; lastKnownFileType = sourcecode.swift; path = SearchBar.swift; sourceTree = "<group>"; };
		57B10AFA29B64A3500101D10 /* NetworkManager.swift */ = {isa = PBXFileReference; lastKnownFileType = sourcecode.swift; path = NetworkManager.swift; sourceTree = "<group>"; };
		57B10B0029B64CE400101D10 /* Register.swift */ = {isa = PBXFileReference; lastKnownFileType = sourcecode.swift; path = Register.swift; sourceTree = "<group>"; };
		57B10B0429B64CF900101D10 /* RegisterVM.swift */ = {isa = PBXFileReference; lastKnownFileType = sourcecode.swift; path = RegisterVM.swift; sourceTree = "<group>"; };
		57B10B0729B64D2700101D10 /* RegisterModel.swift */ = {isa = PBXFileReference; lastKnownFileType = sourcecode.swift; path = RegisterModel.swift; sourceTree = "<group>"; };
		57B10B0A29B64D9300101D10 /* UserModel.swift */ = {isa = PBXFileReference; lastKnownFileType = sourcecode.swift; path = UserModel.swift; sourceTree = "<group>"; };
		57D79E5529CFA414009BC48C /* LoginModel.swift */ = {isa = PBXFileReference; lastKnownFileType = sourcecode.swift; path = LoginModel.swift; sourceTree = "<group>"; };
		57D79E5729CFA46F009BC48C /* LoginVM.swift */ = {isa = PBXFileReference; lastKnownFileType = sourcecode.swift; path = LoginVM.swift; sourceTree = "<group>"; };
		57D79E5929CFA586009BC48C /* Login.swift */ = {isa = PBXFileReference; lastKnownFileType = sourcecode.swift; path = Login.swift; sourceTree = "<group>"; };
/* End PBXFileReference section */

/* Begin PBXFrameworksBuildPhase section */
		574B3CB029999E0D00782AA7 /* Frameworks */ = {
			isa = PBXFrameworksBuildPhase;
			buildActionMask = 2147483647;
			files = (
				57625D3B2A156AF900462C6D /* JWTDecode in Frameworks */,
			);
			runOnlyForDeploymentPostprocessing = 0;
		};
		574B3CC029999E0E00782AA7 /* Frameworks */ = {
			isa = PBXFrameworksBuildPhase;
			buildActionMask = 2147483647;
			files = (
			);
			runOnlyForDeploymentPostprocessing = 0;
		};
		574B3CCA29999E0E00782AA7 /* Frameworks */ = {
			isa = PBXFrameworksBuildPhase;
			buildActionMask = 2147483647;
			files = (
			);
			runOnlyForDeploymentPostprocessing = 0;
		};
/* End PBXFrameworksBuildPhase section */

/* Begin PBXGroup section */
		572F371A29BFC88400906C62 /* UIDesign */ = {
			isa = PBXGroup;
			children = (
				5717E24F2A006F0C00507410 /* UIFactory.swift */,
				572F371B29BFC8A400906C62 /* Colors.swift */,
				577CBA8A2A05BACA001063F8 /* Blur.swift */,
			);
			path = UIDesign;
			sourceTree = "<group>";
		};
		574B3CAA29999E0C00782AA7 = {
			isa = PBXGroup;
			children = (
				574B3CB529999E0D00782AA7 /* BabyDev */,
				574B3CC629999E0E00782AA7 /* BabyDevTests */,
				574B3CD029999E0E00782AA7 /* BabyDevUITests */,
				574B3CB429999E0D00782AA7 /* Products */,
			);
			sourceTree = "<group>";
		};
		574B3CB429999E0D00782AA7 /* Products */ = {
			isa = PBXGroup;
			children = (
				574B3CB329999E0D00782AA7 /* BabyDev.app */,
				574B3CC329999E0E00782AA7 /* BabyDevTests.xctest */,
				574B3CCD29999E0E00782AA7 /* BabyDevUITests.xctest */,
			);
			name = Products;
			sourceTree = "<group>";
		};
		574B3CB529999E0D00782AA7 /* BabyDev */ = {
			isa = PBXGroup;
			children = (
				576142F82A1EB24900D9E69B /* Constants */,
				572F371A29BFC88400906C62 /* UIDesign */,
				57B10AFF29B64CA000101D10 /* View */,
				57B10AFE29B64C7E00101D10 /* Model */,
				57B10AFD29B64C7500101D10 /* ViewModel */,
				574B3CB629999E0D00782AA7 /* BabyDevApp.swift */,
				574B3CB829999E0D00782AA7 /* ContentView.swift */,
				574B3CBA29999E0E00782AA7 /* Assets.xcassets */,
				574B3CBC29999E0E00782AA7 /* Preview Content */,
				57B10AFA29B64A3500101D10 /* NetworkManager.swift */,
				5748D1C429E60124002470DB /* AuthenticationManager.swift */,
			);
			path = BabyDev;
			sourceTree = "<group>";
		};
		574B3CBC29999E0E00782AA7 /* Preview Content */ = {
			isa = PBXGroup;
			children = (
				574B3CBD29999E0E00782AA7 /* Preview Assets.xcassets */,
			);
			path = "Preview Content";
			sourceTree = "<group>";
		};
		574B3CC629999E0E00782AA7 /* BabyDevTests */ = {
			isa = PBXGroup;
			children = (
				574B3CC729999E0E00782AA7 /* BabyDevTests.swift */,
			);
			path = BabyDevTests;
			sourceTree = "<group>";
		};
		574B3CD029999E0E00782AA7 /* BabyDevUITests */ = {
			isa = PBXGroup;
			children = (
				574B3CD129999E0E00782AA7 /* BabyDevUITests.swift */,
				574B3CD329999E0E00782AA7 /* BabyDevUITestsLaunchTests.swift */,
			);
			path = BabyDevUITests;
			sourceTree = "<group>";
		};
		576142EF2A1D6E9E00D9E69B /* Buttons */ = {
			isa = PBXGroup;
			children = (
				576142EC2A1AF88600D9E69B /* ApplyButton.swift */,
				576142E82A180D4600D9E69B /* FavoriteButton.swift */,
			);
			path = Buttons;
			sourceTree = "<group>";
		};
		576142F82A1EB24900D9E69B /* Constants */ = {
			isa = PBXGroup;
			children = (
				576142FD2A1EC98A00D9E69B /* Constants.swift */,
			);
			path = Constants;
			sourceTree = "<group>";
		};
		57B10AFD29B64C7500101D10 /* ViewModel */ = {
			isa = PBXGroup;
			children = (
				57B10B0429B64CF900101D10 /* RegisterVM.swift */,
				57D79E5729CFA46F009BC48C /* LoginVM.swift */,
				57482DEB29E9E62E00A24DE8 /* JobCardVM.swift */,
				577CBA862A0588C1001063F8 /* CompanyVM.swift */,
			);
			path = ViewModel;
			sourceTree = "<group>";
		};
		57B10AFE29B64C7E00101D10 /* Model */ = {
			isa = PBXGroup;
			children = (
				57B10B0729B64D2700101D10 /* RegisterModel.swift */,
				57B10B0A29B64D9300101D10 /* UserModel.swift */,
				57D79E5529CFA414009BC48C /* LoginModel.swift */,
				5777089A29D0E9F900CC0F57 /* JobModel.swift */,
				577CBA7A2A0571BC001063F8 /* JobListViewModel.swift */,
				577CBA822A058766001063F8 /* CompanyModel.swift */,
				57625D352A155ED000462C6D /* TokenModel.swift */,
			);
			path = Model;
			sourceTree = "<group>";
		};
		57B10AFF29B64CA000101D10 /* View */ = {
			isa = PBXGroup;
			children = (
				576142EF2A1D6E9E00D9E69B /* Buttons */,
				57B10B0029B64CE400101D10 /* Register.swift */,
				572F371D29BFCE4700906C62 /* Separator.swift */,
				57D79E5929CFA586009BC48C /* Login.swift */,
				5777089629CFB04300CC0F57 /* StartPage.swift */,
				5777089829D0DE5300CC0F57 /* UserProfile.swift */,
				5748D1C729E75800002470DB /* HomePage.swift */,
				57625D332A1418A000462C6D /* MainPage.swift */,
				57482DE729E9E3BC00A24DE8 /* JobCard.swift */,
				577CBA8E2A0856C6001063F8 /* SearchBar.swift */,
				576142F02A1D78AF00D9E69B /* JobDetails.swift */,
				576142F22A1D7D6300D9E69B /* FavoriteJobs.swift */,
				576142F42A1D841800D9E69B /* Filters.swift */,
				576142F62A1D8BFC00D9E69B /* SortByCity.swift */,
				576142FB2A1EC5B000D9E69B /* FilterTab.swift */,
			);
			path = View;
			sourceTree = "<group>";
		};
/* End PBXGroup section */

/* Begin PBXNativeTarget section */
		574B3CB229999E0D00782AA7 /* BabyDev */ = {
			isa = PBXNativeTarget;
			buildConfigurationList = 574B3CD729999E0E00782AA7 /* Build configuration list for PBXNativeTarget "BabyDev" */;
			buildPhases = (
				574B3CAF29999E0D00782AA7 /* Sources */,
				574B3CB029999E0D00782AA7 /* Frameworks */,
				574B3CB129999E0D00782AA7 /* Resources */,
			);
			buildRules = (
			);
			dependencies = (
			);
			name = BabyDev;
			packageProductDependencies = (
				57625D3A2A156AF900462C6D /* JWTDecode */,
			);
			productName = BabyDev;
			productReference = 574B3CB329999E0D00782AA7 /* BabyDev.app */;
			productType = "com.apple.product-type.application";
		};
		574B3CC229999E0E00782AA7 /* BabyDevTests */ = {
			isa = PBXNativeTarget;
			buildConfigurationList = 574B3CDA29999E0E00782AA7 /* Build configuration list for PBXNativeTarget "BabyDevTests" */;
			buildPhases = (
				574B3CBF29999E0E00782AA7 /* Sources */,
				574B3CC029999E0E00782AA7 /* Frameworks */,
				574B3CC129999E0E00782AA7 /* Resources */,
			);
			buildRules = (
			);
			dependencies = (
				574B3CC529999E0E00782AA7 /* PBXTargetDependency */,
			);
			name = BabyDevTests;
			productName = BabyDevTests;
			productReference = 574B3CC329999E0E00782AA7 /* BabyDevTests.xctest */;
			productType = "com.apple.product-type.bundle.unit-test";
		};
		574B3CCC29999E0E00782AA7 /* BabyDevUITests */ = {
			isa = PBXNativeTarget;
			buildConfigurationList = 574B3CDD29999E0E00782AA7 /* Build configuration list for PBXNativeTarget "BabyDevUITests" */;
			buildPhases = (
				574B3CC929999E0E00782AA7 /* Sources */,
				574B3CCA29999E0E00782AA7 /* Frameworks */,
				574B3CCB29999E0E00782AA7 /* Resources */,
			);
			buildRules = (
			);
			dependencies = (
				574B3CCF29999E0E00782AA7 /* PBXTargetDependency */,
			);
			name = BabyDevUITests;
			productName = BabyDevUITests;
			productReference = 574B3CCD29999E0E00782AA7 /* BabyDevUITests.xctest */;
			productType = "com.apple.product-type.bundle.ui-testing";
		};
/* End PBXNativeTarget section */

/* Begin PBXProject section */
		574B3CAB29999E0C00782AA7 /* Project object */ = {
			isa = PBXProject;
			attributes = {
				BuildIndependentTargetsInParallel = 1;
				LastSwiftUpdateCheck = 1420;
				LastUpgradeCheck = 1420;
				TargetAttributes = {
					574B3CB229999E0D00782AA7 = {
						CreatedOnToolsVersion = 14.2;
					};
					574B3CC229999E0E00782AA7 = {
						CreatedOnToolsVersion = 14.2;
						TestTargetID = 574B3CB229999E0D00782AA7;
					};
					574B3CCC29999E0E00782AA7 = {
						CreatedOnToolsVersion = 14.2;
						TestTargetID = 574B3CB229999E0D00782AA7;
					};
				};
			};
			buildConfigurationList = 574B3CAE29999E0C00782AA7 /* Build configuration list for PBXProject "BabyDev" */;
			compatibilityVersion = "Xcode 14.0";
			developmentRegion = en;
			hasScannedForEncodings = 0;
			knownRegions = (
				en,
				Base,
			);
			mainGroup = 574B3CAA29999E0C00782AA7;
			packageReferences = (
				57625D392A156AF900462C6D /* XCRemoteSwiftPackageReference "JWTDecode" */,
			);
			productRefGroup = 574B3CB429999E0D00782AA7 /* Products */;
			projectDirPath = "";
			projectRoot = "";
			targets = (
				574B3CB229999E0D00782AA7 /* BabyDev */,
				574B3CC229999E0E00782AA7 /* BabyDevTests */,
				574B3CCC29999E0E00782AA7 /* BabyDevUITests */,
			);
		};
/* End PBXProject section */

/* Begin PBXResourcesBuildPhase section */
		574B3CB129999E0D00782AA7 /* Resources */ = {
			isa = PBXResourcesBuildPhase;
			buildActionMask = 2147483647;
			files = (
				574B3CBE29999E0E00782AA7 /* Preview Assets.xcassets in Resources */,
				574B3CBB29999E0E00782AA7 /* Assets.xcassets in Resources */,
			);
			runOnlyForDeploymentPostprocessing = 0;
		};
		574B3CC129999E0E00782AA7 /* Resources */ = {
			isa = PBXResourcesBuildPhase;
			buildActionMask = 2147483647;
			files = (
			);
			runOnlyForDeploymentPostprocessing = 0;
		};
		574B3CCB29999E0E00782AA7 /* Resources */ = {
			isa = PBXResourcesBuildPhase;
			buildActionMask = 2147483647;
			files = (
			);
			runOnlyForDeploymentPostprocessing = 0;
		};
/* End PBXResourcesBuildPhase section */

/* Begin PBXSourcesBuildPhase section */
		574B3CAF29999E0D00782AA7 /* Sources */ = {
			isa = PBXSourcesBuildPhase;
			buildActionMask = 2147483647;
			files = (
				572F371E29BFCE4700906C62 /* Separator.swift in Sources */,
				57625D362A155ED000462C6D /* TokenModel.swift in Sources */,
				5748D1C829E75800002470DB /* HomePage.swift in Sources */,
				576142F72A1D8BFC00D9E69B /* SortByCity.swift in Sources */,
				577CBA8B2A05BACA001063F8 /* Blur.swift in Sources */,
				57B10AFB29B64A3500101D10 /* NetworkManager.swift in Sources */,
				576142F52A1D841800D9E69B /* Filters.swift in Sources */,
				57D79E5A29CFA586009BC48C /* Login.swift in Sources */,
				577CBA872A0588C1001063F8 /* CompanyVM.swift in Sources */,
				577CBA832A058766001063F8 /* CompanyModel.swift in Sources */,
				576142F32A1D7D6300D9E69B /* FavoriteJobs.swift in Sources */,
				576142ED2A1AF88600D9E69B /* ApplyButton.swift in Sources */,
				577CBA8F2A0856C6001063F8 /* SearchBar.swift in Sources */,
				57D79E5629CFA414009BC48C /* LoginModel.swift in Sources */,
				5777089B29D0E9FA00CC0F57 /* JobModel.swift in Sources */,
				576142E92A180D4600D9E69B /* FavoriteButton.swift in Sources */,
				57B10B0B29B64D9300101D10 /* UserModel.swift in Sources */,
				574B3CB929999E0D00782AA7 /* ContentView.swift in Sources */,
				57B10B0829B64D2700101D10 /* RegisterModel.swift in Sources */,
				577CBA7B2A0571BC001063F8 /* JobListViewModel.swift in Sources */,
				57482DEC29E9E62E00A24DE8 /* JobCardVM.swift in Sources */,
				5717E2502A006F0C00507410 /* UIFactory.swift in Sources */,
				57B10B0129B64CE400101D10 /* Register.swift in Sources */,
				5748D1C529E60124002470DB /* AuthenticationManager.swift in Sources */,
				57482DE829E9E3BC00A24DE8 /* JobCard.swift in Sources */,
				576142FE2A1EC98A00D9E69B /* Constants.swift in Sources */,
				5777089729CFB04300CC0F57 /* StartPage.swift in Sources */,
				57D79E5829CFA46F009BC48C /* LoginVM.swift in Sources */,
				576142FC2A1EC5B000D9E69B /* FilterTab.swift in Sources */,
				572F371C29BFC8A400906C62 /* Colors.swift in Sources */,
				57B10B0529B64CF900101D10 /* RegisterVM.swift in Sources */,
				574B3CB729999E0D00782AA7 /* BabyDevApp.swift in Sources */,
				576142F12A1D78AF00D9E69B /* JobDetails.swift in Sources */,
				57625D342A1418A000462C6D /* MainPage.swift in Sources */,
				5777089929D0DE5300CC0F57 /* UserProfile.swift in Sources */,
			);
			runOnlyForDeploymentPostprocessing = 0;
		};
		574B3CBF29999E0E00782AA7 /* Sources */ = {
			isa = PBXSourcesBuildPhase;
			buildActionMask = 2147483647;
			files = (
				57482DED29E9E62E00A24DE8 /* JobCardVM.swift in Sources */,
				577CBA842A058766001063F8 /* CompanyModel.swift in Sources */,
				57B10B0229B64CE400101D10 /* Register.swift in Sources */,
				57B10B0929B64D2700101D10 /* RegisterModel.swift in Sources */,
				577CBA882A0588C1001063F8 /* CompanyVM.swift in Sources */,
				5748D1C629E60124002470DB /* AuthenticationManager.swift in Sources */,
				577CBA8C2A05BACA001063F8 /* Blur.swift in Sources */,
				577CBA902A0856C6001063F8 /* SearchBar.swift in Sources */,
				57B10AFC29B64A3500101D10 /* NetworkManager.swift in Sources */,
				57482DE929E9E3BC00A24DE8 /* JobCard.swift in Sources */,
				574B3CC829999E0E00782AA7 /* BabyDevTests.swift in Sources */,
				57B10B0C29B64D9300101D10 /* UserModel.swift in Sources */,
				577CBA7C2A0571BC001063F8 /* JobListViewModel.swift in Sources */,
				57B10B0629B64CF900101D10 /* RegisterVM.swift in Sources */,
			);
			runOnlyForDeploymentPostprocessing = 0;
		};
		574B3CC929999E0E00782AA7 /* Sources */ = {
			isa = PBXSourcesBuildPhase;
			buildActionMask = 2147483647;
			files = (
				57482DEE29E9E62E00A24DE8 /* JobCardVM.swift in Sources */,
				57482DEA29E9E3BC00A24DE8 /* JobCard.swift in Sources */,
				577CBA7D2A0571BC001063F8 /* JobListViewModel.swift in Sources */,
				577CBA852A058766001063F8 /* CompanyModel.swift in Sources */,
				577CBA892A0588C1001063F8 /* CompanyVM.swift in Sources */,
				57B10B0329B64CE400101D10 /* Register.swift in Sources */,
				577CBA8D2A05BACA001063F8 /* Blur.swift in Sources */,
				577CBA912A0856C6001063F8 /* SearchBar.swift in Sources */,
				574B3CD429999E0E00782AA7 /* BabyDevUITestsLaunchTests.swift in Sources */,
				574B3CD229999E0E00782AA7 /* BabyDevUITests.swift in Sources */,
			);
			runOnlyForDeploymentPostprocessing = 0;
		};
/* End PBXSourcesBuildPhase section */

/* Begin PBXTargetDependency section */
		574B3CC529999E0E00782AA7 /* PBXTargetDependency */ = {
			isa = PBXTargetDependency;
			target = 574B3CB229999E0D00782AA7 /* BabyDev */;
			targetProxy = 574B3CC429999E0E00782AA7 /* PBXContainerItemProxy */;
		};
		574B3CCF29999E0E00782AA7 /* PBXTargetDependency */ = {
			isa = PBXTargetDependency;
			target = 574B3CB229999E0D00782AA7 /* BabyDev */;
			targetProxy = 574B3CCE29999E0E00782AA7 /* PBXContainerItemProxy */;
		};
/* End PBXTargetDependency section */

/* Begin XCBuildConfiguration section */
		574B3CD529999E0E00782AA7 /* Debug */ = {
			isa = XCBuildConfiguration;
			buildSettings = {
				ALWAYS_SEARCH_USER_PATHS = NO;
				CLANG_ANALYZER_NONNULL = YES;
				CLANG_ANALYZER_NUMBER_OBJECT_CONVERSION = YES_AGGRESSIVE;
				CLANG_CXX_LANGUAGE_STANDARD = "gnu++20";
				CLANG_ENABLE_MODULES = YES;
				CLANG_ENABLE_OBJC_ARC = YES;
				CLANG_ENABLE_OBJC_WEAK = YES;
				CLANG_WARN_BLOCK_CAPTURE_AUTORELEASING = YES;
				CLANG_WARN_BOOL_CONVERSION = YES;
				CLANG_WARN_COMMA = YES;
				CLANG_WARN_CONSTANT_CONVERSION = YES;
				CLANG_WARN_DEPRECATED_OBJC_IMPLEMENTATIONS = YES;
				CLANG_WARN_DIRECT_OBJC_ISA_USAGE = YES_ERROR;
				CLANG_WARN_DOCUMENTATION_COMMENTS = YES;
				CLANG_WARN_EMPTY_BODY = YES;
				CLANG_WARN_ENUM_CONVERSION = YES;
				CLANG_WARN_INFINITE_RECURSION = YES;
				CLANG_WARN_INT_CONVERSION = YES;
				CLANG_WARN_NON_LITERAL_NULL_CONVERSION = YES;
				CLANG_WARN_OBJC_IMPLICIT_RETAIN_SELF = YES;
				CLANG_WARN_OBJC_LITERAL_CONVERSION = YES;
				CLANG_WARN_OBJC_ROOT_CLASS = YES_ERROR;
				CLANG_WARN_QUOTED_INCLUDE_IN_FRAMEWORK_HEADER = YES;
				CLANG_WARN_RANGE_LOOP_ANALYSIS = YES;
				CLANG_WARN_STRICT_PROTOTYPES = YES;
				CLANG_WARN_SUSPICIOUS_MOVE = YES;
				CLANG_WARN_UNGUARDED_AVAILABILITY = YES_AGGRESSIVE;
				CLANG_WARN_UNREACHABLE_CODE = YES;
				CLANG_WARN__DUPLICATE_METHOD_MATCH = YES;
				COPY_PHASE_STRIP = NO;
				DEBUG_INFORMATION_FORMAT = dwarf;
				ENABLE_STRICT_OBJC_MSGSEND = YES;
				ENABLE_TESTABILITY = YES;
				GCC_C_LANGUAGE_STANDARD = gnu11;
				GCC_DYNAMIC_NO_PIC = NO;
				GCC_NO_COMMON_BLOCKS = YES;
				GCC_OPTIMIZATION_LEVEL = 0;
				GCC_PREPROCESSOR_DEFINITIONS = (
					"DEBUG=1",
					"$(inherited)",
				);
				GCC_WARN_64_TO_32_BIT_CONVERSION = YES;
				GCC_WARN_ABOUT_RETURN_TYPE = YES_ERROR;
				GCC_WARN_UNDECLARED_SELECTOR = YES;
				GCC_WARN_UNINITIALIZED_AUTOS = YES_AGGRESSIVE;
				GCC_WARN_UNUSED_FUNCTION = YES;
				GCC_WARN_UNUSED_VARIABLE = YES;
				IPHONEOS_DEPLOYMENT_TARGET = 16.2;
				MTL_ENABLE_DEBUG_INFO = INCLUDE_SOURCE;
				MTL_FAST_MATH = YES;
				ONLY_ACTIVE_ARCH = YES;
				SDKROOT = iphoneos;
				SWIFT_ACTIVE_COMPILATION_CONDITIONS = DEBUG;
				SWIFT_OPTIMIZATION_LEVEL = "-Onone";
			};
			name = Debug;
		};
		574B3CD629999E0E00782AA7 /* Release */ = {
			isa = XCBuildConfiguration;
			buildSettings = {
				ALWAYS_SEARCH_USER_PATHS = NO;
				CLANG_ANALYZER_NONNULL = YES;
				CLANG_ANALYZER_NUMBER_OBJECT_CONVERSION = YES_AGGRESSIVE;
				CLANG_CXX_LANGUAGE_STANDARD = "gnu++20";
				CLANG_ENABLE_MODULES = YES;
				CLANG_ENABLE_OBJC_ARC = YES;
				CLANG_ENABLE_OBJC_WEAK = YES;
				CLANG_WARN_BLOCK_CAPTURE_AUTORELEASING = YES;
				CLANG_WARN_BOOL_CONVERSION = YES;
				CLANG_WARN_COMMA = YES;
				CLANG_WARN_CONSTANT_CONVERSION = YES;
				CLANG_WARN_DEPRECATED_OBJC_IMPLEMENTATIONS = YES;
				CLANG_WARN_DIRECT_OBJC_ISA_USAGE = YES_ERROR;
				CLANG_WARN_DOCUMENTATION_COMMENTS = YES;
				CLANG_WARN_EMPTY_BODY = YES;
				CLANG_WARN_ENUM_CONVERSION = YES;
				CLANG_WARN_INFINITE_RECURSION = YES;
				CLANG_WARN_INT_CONVERSION = YES;
				CLANG_WARN_NON_LITERAL_NULL_CONVERSION = YES;
				CLANG_WARN_OBJC_IMPLICIT_RETAIN_SELF = YES;
				CLANG_WARN_OBJC_LITERAL_CONVERSION = YES;
				CLANG_WARN_OBJC_ROOT_CLASS = YES_ERROR;
				CLANG_WARN_QUOTED_INCLUDE_IN_FRAMEWORK_HEADER = YES;
				CLANG_WARN_RANGE_LOOP_ANALYSIS = YES;
				CLANG_WARN_STRICT_PROTOTYPES = YES;
				CLANG_WARN_SUSPICIOUS_MOVE = YES;
				CLANG_WARN_UNGUARDED_AVAILABILITY = YES_AGGRESSIVE;
				CLANG_WARN_UNREACHABLE_CODE = YES;
				CLANG_WARN__DUPLICATE_METHOD_MATCH = YES;
				COPY_PHASE_STRIP = NO;
				DEBUG_INFORMATION_FORMAT = "dwarf-with-dsym";
				ENABLE_NS_ASSERTIONS = NO;
				ENABLE_STRICT_OBJC_MSGSEND = YES;
				GCC_C_LANGUAGE_STANDARD = gnu11;
				GCC_NO_COMMON_BLOCKS = YES;
				GCC_WARN_64_TO_32_BIT_CONVERSION = YES;
				GCC_WARN_ABOUT_RETURN_TYPE = YES_ERROR;
				GCC_WARN_UNDECLARED_SELECTOR = YES;
				GCC_WARN_UNINITIALIZED_AUTOS = YES_AGGRESSIVE;
				GCC_WARN_UNUSED_FUNCTION = YES;
				GCC_WARN_UNUSED_VARIABLE = YES;
				IPHONEOS_DEPLOYMENT_TARGET = 16.2;
				MTL_ENABLE_DEBUG_INFO = NO;
				MTL_FAST_MATH = YES;
				SDKROOT = iphoneos;
				SWIFT_COMPILATION_MODE = wholemodule;
				SWIFT_OPTIMIZATION_LEVEL = "-O";
				VALIDATE_PRODUCT = YES;
			};
			name = Release;
		};
		574B3CD829999E0E00782AA7 /* Debug */ = {
			isa = XCBuildConfiguration;
			buildSettings = {
				ASSETCATALOG_COMPILER_APPICON_NAME = AppIcon;
				ASSETCATALOG_COMPILER_GLOBAL_ACCENT_COLOR_NAME = AccentColor;
				CODE_SIGN_STYLE = Automatic;
				CURRENT_PROJECT_VERSION = 1;
				DEVELOPMENT_ASSET_PATHS = "\"BabyDev/Preview Content\"";
				DEVELOPMENT_TEAM = RPC8X8MPRD;
				ENABLE_PREVIEWS = YES;
				GENERATE_INFOPLIST_FILE = YES;
				INFOPLIST_KEY_LSApplicationCategoryType = "";
				INFOPLIST_KEY_UIApplicationSceneManifest_Generation = YES;
				INFOPLIST_KEY_UIApplicationSupportsIndirectInputEvents = YES;
				INFOPLIST_KEY_UILaunchScreen_Generation = YES;
				INFOPLIST_KEY_UIRequiresFullScreen = YES;
				INFOPLIST_KEY_UIStatusBarStyle = UIStatusBarStyleLightContent;
				INFOPLIST_KEY_UISupportedInterfaceOrientations = UIInterfaceOrientationPortrait;
				LD_RUNPATH_SEARCH_PATHS = (
					"$(inherited)",
					"@executable_path/Frameworks",
				);
				MARKETING_VERSION = 1.0;
				PRODUCT_BUNDLE_IDENTIFIER = app.BabyDev;
				PRODUCT_NAME = "$(TARGET_NAME)";
				SWIFT_EMIT_LOC_STRINGS = YES;
				SWIFT_VERSION = 5.0;
				TARGETED_DEVICE_FAMILY = "1,2";
			};
			name = Debug;
		};
		574B3CD929999E0E00782AA7 /* Release */ = {
			isa = XCBuildConfiguration;
			buildSettings = {
				ASSETCATALOG_COMPILER_APPICON_NAME = AppIcon;
				ASSETCATALOG_COMPILER_GLOBAL_ACCENT_COLOR_NAME = AccentColor;
				CODE_SIGN_STYLE = Automatic;
				CURRENT_PROJECT_VERSION = 1;
				DEVELOPMENT_ASSET_PATHS = "\"BabyDev/Preview Content\"";
				DEVELOPMENT_TEAM = RPC8X8MPRD;
				ENABLE_PREVIEWS = YES;
				GENERATE_INFOPLIST_FILE = YES;
				INFOPLIST_KEY_LSApplicationCategoryType = "";
				INFOPLIST_KEY_UIApplicationSceneManifest_Generation = YES;
				INFOPLIST_KEY_UIApplicationSupportsIndirectInputEvents = YES;
				INFOPLIST_KEY_UILaunchScreen_Generation = YES;
				INFOPLIST_KEY_UIRequiresFullScreen = YES;
				INFOPLIST_KEY_UIStatusBarStyle = UIStatusBarStyleLightContent;
				INFOPLIST_KEY_UISupportedInterfaceOrientations = UIInterfaceOrientationPortrait;
				LD_RUNPATH_SEARCH_PATHS = (
					"$(inherited)",
					"@executable_path/Frameworks",
				);
				MARKETING_VERSION = 1.0;
				PRODUCT_BUNDLE_IDENTIFIER = app.BabyDev;
				PRODUCT_NAME = "$(TARGET_NAME)";
				SWIFT_EMIT_LOC_STRINGS = YES;
				SWIFT_VERSION = 5.0;
				TARGETED_DEVICE_FAMILY = "1,2";
			};
			name = Release;
		};
		574B3CDB29999E0E00782AA7 /* Debug */ = {
			isa = XCBuildConfiguration;
			buildSettings = {
				ALWAYS_EMBED_SWIFT_STANDARD_LIBRARIES = YES;
				BUNDLE_LOADER = "$(TEST_HOST)";
				CODE_SIGN_STYLE = Automatic;
				CURRENT_PROJECT_VERSION = 1;
				DEVELOPMENT_TEAM = RPC8X8MPRD;
				GENERATE_INFOPLIST_FILE = YES;
				IPHONEOS_DEPLOYMENT_TARGET = 16.2;
				MARKETING_VERSION = 1.0;
				PRODUCT_BUNDLE_IDENTIFIER = app.BabyDevTests;
				PRODUCT_NAME = "$(TARGET_NAME)";
				SWIFT_EMIT_LOC_STRINGS = NO;
				SWIFT_VERSION = 5.0;
				TARGETED_DEVICE_FAMILY = "1,2";
				TEST_HOST = "$(BUILT_PRODUCTS_DIR)/BabyDev.app/$(BUNDLE_EXECUTABLE_FOLDER_PATH)/BabyDev";
			};
			name = Debug;
		};
		574B3CDC29999E0E00782AA7 /* Release */ = {
			isa = XCBuildConfiguration;
			buildSettings = {
				ALWAYS_EMBED_SWIFT_STANDARD_LIBRARIES = YES;
				BUNDLE_LOADER = "$(TEST_HOST)";
				CODE_SIGN_STYLE = Automatic;
				CURRENT_PROJECT_VERSION = 1;
				DEVELOPMENT_TEAM = RPC8X8MPRD;
				GENERATE_INFOPLIST_FILE = YES;
				IPHONEOS_DEPLOYMENT_TARGET = 16.2;
				MARKETING_VERSION = 1.0;
				PRODUCT_BUNDLE_IDENTIFIER = app.BabyDevTests;
				PRODUCT_NAME = "$(TARGET_NAME)";
				SWIFT_EMIT_LOC_STRINGS = NO;
				SWIFT_VERSION = 5.0;
				TARGETED_DEVICE_FAMILY = "1,2";
				TEST_HOST = "$(BUILT_PRODUCTS_DIR)/BabyDev.app/$(BUNDLE_EXECUTABLE_FOLDER_PATH)/BabyDev";
			};
			name = Release;
		};
		574B3CDE29999E0E00782AA7 /* Debug */ = {
			isa = XCBuildConfiguration;
			buildSettings = {
				ALWAYS_EMBED_SWIFT_STANDARD_LIBRARIES = YES;
				CODE_SIGN_STYLE = Automatic;
				CURRENT_PROJECT_VERSION = 1;
				DEVELOPMENT_TEAM = RPC8X8MPRD;
				GENERATE_INFOPLIST_FILE = YES;
				MARKETING_VERSION = 1.0;
				PRODUCT_BUNDLE_IDENTIFIER = app.BabyDevUITests;
				PRODUCT_NAME = "$(TARGET_NAME)";
				SWIFT_EMIT_LOC_STRINGS = NO;
				SWIFT_VERSION = 5.0;
				TARGETED_DEVICE_FAMILY = "1,2";
				TEST_TARGET_NAME = BabyDev;
			};
			name = Debug;
		};
		574B3CDF29999E0E00782AA7 /* Release */ = {
			isa = XCBuildConfiguration;
			buildSettings = {
				ALWAYS_EMBED_SWIFT_STANDARD_LIBRARIES = YES;
				CODE_SIGN_STYLE = Automatic;
				CURRENT_PROJECT_VERSION = 1;
				DEVELOPMENT_TEAM = RPC8X8MPRD;
				GENERATE_INFOPLIST_FILE = YES;
				MARKETING_VERSION = 1.0;
				PRODUCT_BUNDLE_IDENTIFIER = app.BabyDevUITests;
				PRODUCT_NAME = "$(TARGET_NAME)";
				SWIFT_EMIT_LOC_STRINGS = NO;
				SWIFT_VERSION = 5.0;
				TARGETED_DEVICE_FAMILY = "1,2";
				TEST_TARGET_NAME = BabyDev;
			};
			name = Release;
		};
/* End XCBuildConfiguration section */

/* Begin XCConfigurationList section */
		574B3CAE29999E0C00782AA7 /* Build configuration list for PBXProject "BabyDev" */ = {
			isa = XCConfigurationList;
			buildConfigurations = (
				574B3CD529999E0E00782AA7 /* Debug */,
				574B3CD629999E0E00782AA7 /* Release */,
			);
			defaultConfigurationIsVisible = 0;
			defaultConfigurationName = Release;
		};
		574B3CD729999E0E00782AA7 /* Build configuration list for PBXNativeTarget "BabyDev" */ = {
			isa = XCConfigurationList;
			buildConfigurations = (
				574B3CD829999E0E00782AA7 /* Debug */,
				574B3CD929999E0E00782AA7 /* Release */,
			);
			defaultConfigurationIsVisible = 0;
			defaultConfigurationName = Release;
		};
		574B3CDA29999E0E00782AA7 /* Build configuration list for PBXNativeTarget "BabyDevTests" */ = {
			isa = XCConfigurationList;
			buildConfigurations = (
				574B3CDB29999E0E00782AA7 /* Debug */,
				574B3CDC29999E0E00782AA7 /* Release */,
			);
			defaultConfigurationIsVisible = 0;
			defaultConfigurationName = Release;
		};
		574B3CDD29999E0E00782AA7 /* Build configuration list for PBXNativeTarget "BabyDevUITests" */ = {
			isa = XCConfigurationList;
			buildConfigurations = (
				574B3CDE29999E0E00782AA7 /* Debug */,
				574B3CDF29999E0E00782AA7 /* Release */,
			);
			defaultConfigurationIsVisible = 0;
			defaultConfigurationName = Release;
		};
/* End XCConfigurationList section */

/* Begin XCRemoteSwiftPackageReference section */
		57625D392A156AF900462C6D /* XCRemoteSwiftPackageReference "JWTDecode" */ = {
			isa = XCRemoteSwiftPackageReference;
			repositoryURL = "https://github.com/auth0/JWTDecode.swift";
			requirement = {
				kind = upToNextMajorVersion;
				minimumVersion = 3.0.0;
			};
		};
/* End XCRemoteSwiftPackageReference section */

/* Begin XCSwiftPackageProductDependency section */
		57625D3A2A156AF900462C6D /* JWTDecode */ = {
			isa = XCSwiftPackageProductDependency;
			package = 57625D392A156AF900462C6D /* XCRemoteSwiftPackageReference "JWTDecode" */;
			productName = JWTDecode;
		};
/* End XCSwiftPackageProductDependency section */
	};
	rootObject = 574B3CAB29999E0C00782AA7 /* Project object */;
}
